
Microsoft Visual Studio Solution File, Format Version 12.00
# Visual Studio Version 16
VisualStudioVersion = 16.0.32630.194
MinimumVisualStudioVersion = 10.0.40219.1
Project("{FAE04EC0-301F-11D3-BF4B-00C04F79EFBC}") = "Turagentstvo", "Turagentstvo\Turagentstvo.csproj", "{02D0AD63-4D4A-4D53-9D8A-1D7AA38124DD}"
EndProject
Global
	GlobalSection(SolutionConfigurationPlatforms) = preSolution
		Debug|Any CPU = Debug|Any CPU
		Release|Any CPU = Release|Any CPU
	EndGlobalSection
	GlobalSection(ProjectConfigurationPlatforms) = postSolution
		{02D0AD63-4D4A-4D53-9D8A-1D7AA38124DD}.Debug|Any CPU.ActiveCfg = Debug|Any CPU
		{02D0AD63-4D4A-4D53-9D8A-1D7AA38124DD}.Debug|Any CPU.Build.0 = Debug|Any CPU
		{02D0AD63-4D4A-4D53-9D8A-1D7AA38124DD}.Release|Any CPU.ActiveCfg = Release|Any CPU
		{02D0AD63-4D4A-4D53-9D8A-1D7AA38124DD}.Release|Any CPU.Build.0 = Release|Any CPU
	EndGlobalSection
	GlobalSection(SolutionProperties) = preSolution
		HideSolutionNode = FALSE
	EndGlobalSection
	GlobalSection(ExtensibilityGlobals) = postSolution
		SolutionGuid = {5A8A04CB-4EB5-4AEA-978C-C3166E4000DE}
	EndGlobalSection
EndGlobal
